{
	"name": "wp-json-schemas",
	"version": "4.69.0",
	"lockfileVersion": 3,
	"requires": true,
	"packages": {
		"": {
			"name": "wp-json-schemas",
			"version": "4.69.0",
			"license": "MIT",
			"devDependencies": {
				"ajv-cli": "^5.0",
				"ajv-formats": "^3.0",
				"json-schema-to-typescript": "^15.0",
				"node-jq": "^6.0",
				"typescript": ">=4"
			},
			"funding": {
				"url": "https://github.com/sponsors/johnbillion"
			}
		},
		"node_modules/@apidevtools/json-schema-ref-parser": {
			"version": "11.9.3",
			"resolved": "https://registry.npmjs.org/@apidevtools/json-schema-ref-parser/-/json-schema-ref-parser-11.9.3.tgz",
			"integrity": "sha512-60vepv88RwcJtSHrD6MjIL6Ta3SOYbgfnkHb+ppAVK+o9mXprRtulx7VlRl3lN3bbvysAfCS7WMVfhUYemB0IQ==",
			"dev": true,
			"license": "MIT",
			"dependencies": {
				"@jsdevtools/ono": "^7.1.3",
				"@types/json-schema": "^7.0.15",
				"js-yaml": "^4.1.0"
			},
			"engines": {
				"node": ">= 16"
			},
			"funding": {
				"url": "https://github.com/sponsors/philsturgeon"
			}
		},
		"node_modules/@apidevtools/json-schema-ref-parser/node_modules/argparse": {
			"version": "2.0.1",
			"resolved": "https://registry.npmjs.org/argparse/-/argparse-2.0.1.tgz",
			"integrity": "sha512-8+9WqebbFzpX9OR+Wa6O29asIogeRMzcGtAINdpMHHyAg10f05aSFVBbcEqGf/PXw1EjAZ+q2/bEBg3DvurK3Q==",
			"dev": true,
			"license": "Python-2.0"
		},
		"node_modules/@apidevtools/json-schema-ref-parser/node_modules/js-yaml": {
			"version": "4.1.0",
			"resolved": "https://registry.npmjs.org/js-yaml/-/js-yaml-4.1.0.tgz",
			"integrity": "sha512-wpxZs9NoxZaJESJGIZTyDEaYpl0FKSA+FB9aJiyemKhMwkxQg63h4T1KJgUGHpTqPDNRcmmYLugrRjJlBtWvRA==",
			"dev": true,
			"license": "MIT",
			"dependencies": {
				"argparse": "^2.0.1"
			},
			"bin": {
				"js-yaml": "bin/js-yaml.js"
			}
		},
		"node_modules/@isaacs/fs-minipass": {
			"version": "4.0.1",
			"resolved": "https://registry.npmjs.org/@isaacs/fs-minipass/-/fs-minipass-4.0.1.tgz",
			"integrity": "sha512-wgm9Ehl2jpeqP3zw/7mo3kRHFp5MEDhqAdwy1fTGkHAwnkGOVsgpvQhL8B5n1qlb01jV3n/bI0ZfZp5lWA1k4w==",
			"dev": true,
			"license": "ISC",
			"dependencies": {
				"minipass": "^7.0.4"
			},
			"engines": {
				"node": ">=18.0.0"
			}
		},
		"node_modules/@jsdevtools/ono": {
			"version": "7.1.3",
			"resolved": "https://registry.npmjs.org/@jsdevtools/ono/-/ono-7.1.3.tgz",
			"integrity": "sha512-4JQNk+3mVzK3xh2rqd6RB4J46qUR19azEHBneZyTZM+c456qOrbbM/5xcR8huNCCcbVt7+UmizG6GuUvPvKUYg==",
			"dev": true,
			"license": "MIT"
		},
		"node_modules/@types/json-schema": {
			"version": "7.0.15",
			"resolved": "https://registry.npmjs.org/@types/json-schema/-/json-schema-7.0.15.tgz",
			"integrity": "sha512-5+fP8P8MFNC+AyZCDxrB2pkZFPGzqQWUzpSeuuVLvm8VMcorNYavBqoFcxK8bQz4Qsbn4oUEEem4wDLfcysGHA==",
			"dev": true,
			"license": "MIT"
		},
		"node_modules/@types/lodash": {
			"version": "4.17.20",
			"resolved": "https://registry.npmjs.org/@types/lodash/-/lodash-4.17.20.tgz",
			"integrity": "sha512-H3MHACvFUEiujabxhaI/ImO6gUrd8oOurg7LQtS7mbwIXA/cUqWrvBsaeJ23aZEPk1TAYkurjfMbSELfoCXlGA==",
			"dev": true,
			"license": "MIT"
		},
		"node_modules/ajv": {
			"version": "8.17.1",
			"resolved": "https://registry.npmjs.org/ajv/-/ajv-8.17.1.tgz",
			"integrity": "sha512-B/gBuNg5SiMTrPkC+A2+cW0RszwxYmn6VYxB/inlBStS5nx6xHIt/ehKRhIMhqusl7a8LjQoZnjCs5vhwxOQ1g==",
			"dev": true,
			"license": "MIT",
			"dependencies": {
				"fast-deep-equal": "^3.1.3",
				"fast-uri": "^3.0.1",
				"json-schema-traverse": "^1.0.0",
				"require-from-string": "^2.0.2"
			},
			"funding": {
				"type": "github",
				"url": "https://github.com/sponsors/epoberezkin"
			}
		},
		"node_modules/ajv-cli": {
			"version": "5.0.0",
			"resolved": "https://registry.npmjs.org/ajv-cli/-/ajv-cli-5.0.0.tgz",
			"integrity": "sha512-LY4m6dUv44HTyhV+u2z5uX4EhPYTM38Iv1jdgDJJJCyOOuqB8KtZEGjPZ2T+sh5ZIJrXUfgErYx/j3gLd3+PlQ==",
			"dev": true,
			"license": "MIT",
			"dependencies": {
				"ajv": "^8.0.0",
				"fast-json-patch": "^2.0.0",
				"glob": "^7.1.0",
				"js-yaml": "^3.14.0",
				"json-schema-migrate": "^2.0.0",
				"json5": "^2.1.3",
				"minimist": "^1.2.0"
			},
			"bin": {
				"ajv": "dist/index.js"
			},
			"peerDependencies": {
				"ts-node": ">=9.0.0"
			},
			"peerDependenciesMeta": {
				"ts-node": {
					"optional": true
				}
			}
		},
		"node_modules/ajv-formats": {
			"version": "3.0.1",
			"resolved": "https://registry.npmjs.org/ajv-formats/-/ajv-formats-3.0.1.tgz",
			"integrity": "sha512-8iUql50EUR+uUcdRQ3HDqa6EVyo3docL8g5WJ3FNcWmu62IbkGUue/pEyLBW8VGKKucTPgqeks4fIU1DA4yowQ==",
			"dev": true,
			"license": "MIT",
			"dependencies": {
				"ajv": "^8.0.0"
			},
			"peerDependencies": {
				"ajv": "^8.0.0"
			},
			"peerDependenciesMeta": {
				"ajv": {
					"optional": true
				}
			}
		},
		"node_modules/argparse": {
			"version": "1.0.10",
			"resolved": "https://registry.npmjs.org/argparse/-/argparse-1.0.10.tgz",
			"integrity": "sha512-o5Roy6tNG4SL/FOkCAN6RzjiakZS25RLYFrcMttJqbdd8BWrnA+fGz57iN5Pb06pvBGvl5gQ0B48dJlslXvoTg==",
			"dev": true,
			"license": "MIT",
			"dependencies": {
				"sprintf-js": "~1.0.2"
			}
		},
		"node_modules/balanced-match": {
			"version": "1.0.2",
			"resolved": "https://registry.npmjs.org/balanced-match/-/balanced-match-1.0.2.tgz",
			"integrity": "sha512-3oSeUO0TMV67hN1AmbXsK4yaqU7tjiHlbxRDZOpH0KW9+CeX4bRAaX0Anxt0tx2MrpRpWwQaPwIlISEJhYU5Pw==",
			"dev": true,
			"license": "MIT"
		},
		"node_modules/brace-expansion": {
			"version": "1.1.12",
			"resolved": "https://registry.npmjs.org/brace-expansion/-/brace-expansion-1.1.12.tgz",
			"integrity": "sha512-9T9UjW3r0UW5c1Q7GTwllptXwhvYmEzFhzMfZ9H7FQWt+uZePjZPjBP/W1ZEyZ1twGWom5/56TF4lPcqjnDHcg==",
			"dev": true,
			"license": "MIT",
			"dependencies": {
				"balanced-match": "^1.0.0",
				"concat-map": "0.0.1"
			}
		},
		"node_modules/chownr": {
			"version": "3.0.0",
			"resolved": "https://registry.npmjs.org/chownr/-/chownr-3.0.0.tgz",
			"integrity": "sha512-+IxzY9BZOQd/XuYPRmrvEVjF/nqj5kgT4kEq7VofrDoM1MxoRjEWkrCC3EtLi59TVawxTAn+orJwFQcrqEN1+g==",
			"dev": true,
			"license": "BlueOak-1.0.0",
			"engines": {
				"node": ">=18"
			}
		},
		"node_modules/concat-map": {
			"version": "0.0.1",
			"resolved": "https://registry.npmjs.org/concat-map/-/concat-map-0.0.1.tgz",
			"integrity": "sha512-/Srv4dswyQNBfohGpz9o6Yb3Gz3SrUDqBH5rTuhGR7ahtlbYKnVxw2bCFMRljaA7EXHaXZ8wsHdodFvbkhKmqg==",
			"dev": true,
			"license": "MIT"
		},
		"node_modules/crypto-random-string": {
			"version": "4.0.0",
			"resolved": "https://registry.npmjs.org/crypto-random-string/-/crypto-random-string-4.0.0.tgz",
			"integrity": "sha512-x8dy3RnvYdlUcPOjkEHqozhiwzKNSq7GcPuXFbnyMOCHxX8V3OgIg/pYuabl2sbUPfIJaeAQB7PMOK8DFIdoRA==",
			"dev": true,
			"license": "MIT",
			"dependencies": {
				"type-fest": "^1.0.1"
			},
			"engines": {
				"node": ">=12"
			},
			"funding": {
				"url": "https://github.com/sponsors/sindresorhus"
			}
		},
		"node_modules/crypto-random-string/node_modules/type-fest": {
			"version": "1.4.0",
			"resolved": "https://registry.npmjs.org/type-fest/-/type-fest-1.4.0.tgz",
			"integrity": "sha512-yGSza74xk0UG8k+pLh5oeoYirvIiWo5t0/o3zHHAO2tRDiZcxWP7fywNlXhqb6/r6sWvwi+RsyQMWhVLe4BVuA==",
			"dev": true,
			"license": "(MIT OR CC0-1.0)",
			"engines": {
				"node": ">=10"
			},
			"funding": {
				"url": "https://github.com/sponsors/sindresorhus"
			}
		},
		"node_modules/esprima": {
			"version": "4.0.1",
			"resolved": "https://registry.npmjs.org/esprima/-/esprima-4.0.1.tgz",
			"integrity": "sha512-eGuFFw7Upda+g4p+QHvnW0RyTX/SVeJBDM/gCtMARO0cLuT2HcEKnTPvhjV6aGeqrCB/sbNop0Kszm0jsaWU4A==",
			"dev": true,
			"license": "BSD-2-Clause",
			"bin": {
				"esparse": "bin/esparse.js",
				"esvalidate": "bin/esvalidate.js"
			},
			"engines": {
				"node": ">=4"
			}
		},
		"node_modules/fast-deep-equal": {
			"version": "3.1.3",
			"resolved": "https://registry.npmjs.org/fast-deep-equal/-/fast-deep-equal-3.1.3.tgz",
			"integrity": "sha512-f3qQ9oQy9j2AhBe/H9VC91wLmKBCCU/gDOnKNAYG5hswO7BLKj09Hc5HYNz9cGI++xlpDCIgDaitVs03ATR84Q==",
			"dev": true,
			"license": "MIT"
		},
		"node_modules/fast-json-patch": {
			"version": "2.2.1",
			"resolved": "https://registry.npmjs.org/fast-json-patch/-/fast-json-patch-2.2.1.tgz",
			"integrity": "sha512-4j5uBaTnsYAV5ebkidvxiLUYOwjQ+JSFljeqfTxCrH9bDmlCQaOJFS84oDJ2rAXZq2yskmk3ORfoP9DCwqFNig==",
			"dev": true,
			"license": "MIT",
			"dependencies": {
				"fast-deep-equal": "^2.0.1"
			},
			"engines": {
				"node": ">= 0.4.0"
			}
		},
		"node_modules/fast-json-patch/node_modules/fast-deep-equal": {
			"version": "2.0.1",
			"resolved": "https://registry.npmjs.org/fast-deep-equal/-/fast-deep-equal-2.0.1.tgz",
			"integrity": "sha512-bCK/2Z4zLidyB4ReuIsvALH6w31YfAQDmXMqMx6FyfHqvBxtjC0eRumeSu4Bs3XtXwpyIywtSTrVT99BxY1f9w==",
			"dev": true,
			"license": "MIT"
		},
		"node_modules/fast-uri": {
			"version": "3.1.0",
			"resolved": "https://registry.npmjs.org/fast-uri/-/fast-uri-3.1.0.tgz",
			"integrity": "sha512-iPeeDKJSWf4IEOasVVrknXpaBV0IApz/gp7S2bb7Z4Lljbl2MGJRqInZiUrQwV16cpzw/D3S5j5Julj/gT52AA==",
			"dev": true,
			"funding": [
				{
					"type": "github",
					"url": "https://github.com/sponsors/fastify"
				},
				{
					"type": "opencollective",
					"url": "https://opencollective.com/fastify"
				}
			],
			"license": "BSD-3-Clause"
		},
		"node_modules/fdir": {
			"version": "6.5.0",
			"resolved": "https://registry.npmjs.org/fdir/-/fdir-6.5.0.tgz",
			"integrity": "sha512-tIbYtZbucOs0BRGqPJkshJUYdL+SDH7dVM8gjy+ERp3WAUjLEFJE+02kanyHtwjWOnwrKYBiwAmM0p4kLJAnXg==",
			"dev": true,
			"license": "MIT",
			"engines": {
				"node": ">=12.0.0"
			},
			"peerDependencies": {
				"picomatch": "^3 || ^4"
			},
			"peerDependenciesMeta": {
				"picomatch": {
					"optional": true
				}
			}
		},
		"node_modules/fs.realpath": {
			"version": "1.0.0",
			"resolved": "https://registry.npmjs.org/fs.realpath/-/fs.realpath-1.0.0.tgz",
			"integrity": "sha512-OO0pH2lK6a0hZnAdau5ItzHPI6pUlvI7jMVnxUQRtw4owF2wk8lOSabtGDCTP4Ggrg2MbGnWO9X8K1t4+fGMDw==",
			"dev": true,
			"license": "ISC"
		},
		"node_modules/glob": {
			"version": "7.2.3",
			"resolved": "https://registry.npmjs.org/glob/-/glob-7.2.3.tgz",
			"integrity": "sha512-nFR0zLpU2YCaRxwoCJvL6UvCH2JFyFVIvwTLsIf21AuHlMskA1hhTdk+LlYJtOlYt9v6dvszD2BGRqBL+iQK9Q==",
			"deprecated": "Glob versions prior to v9 are no longer supported",
			"dev": true,
			"license": "ISC",
			"dependencies": {
				"fs.realpath": "^1.0.0",
				"inflight": "^1.0.4",
				"inherits": "2",
				"minimatch": "^3.1.1",
				"once": "^1.3.0",
				"path-is-absolute": "^1.0.0"
			},
			"engines": {
				"node": "*"
			},
			"funding": {
				"url": "https://github.com/sponsors/isaacs"
			}
		},
		"node_modules/inflight": {
			"version": "1.0.6",
			"resolved": "https://registry.npmjs.org/inflight/-/inflight-1.0.6.tgz",
			"integrity": "sha512-k92I/b08q4wvFscXCLvqfsHCrjrF7yiXsQuIVvVE7N82W3+aqpzuUdBbfhWcy/FZR3/4IgflMgKLOsvPDrGCJA==",
			"deprecated": "This module is not supported, and leaks memory. Do not use it. Check out lru-cache if you want a good and tested way to coalesce async requests by a key value, which is much more comprehensive and powerful.",
			"dev": true,
			"license": "ISC",
			"dependencies": {
				"once": "^1.3.0",
				"wrappy": "1"
			}
		},
		"node_modules/inherits": {
			"version": "2.0.4",
			"resolved": "https://registry.npmjs.org/inherits/-/inherits-2.0.4.tgz",
			"integrity": "sha512-k/vGaX4/Yla3WzyMCvTQOXYeIHvqOKtnqBduzTHpzpQZzAskKMhZ2K+EnBiSM9zGSoIFeMpXKxa4dYeZIQqewQ==",
			"dev": true,
			"license": "ISC"
		},
		"node_modules/is-extglob": {
			"version": "2.1.1",
			"resolved": "https://registry.npmjs.org/is-extglob/-/is-extglob-2.1.1.tgz",
			"integrity": "sha512-SbKbANkN603Vi4jEZv49LeVJMn4yGwsbzZworEoyEiutsN3nJYdbO36zfhGJ6QEDpOZIFkDtnq5JRxmvl3jsoQ==",
			"dev": true,
			"license": "MIT",
			"engines": {
				"node": ">=0.10.0"
			}
		},
		"node_modules/is-glob": {
			"version": "4.0.3",
			"resolved": "https://registry.npmjs.org/is-glob/-/is-glob-4.0.3.tgz",
			"integrity": "sha512-xelSayHH36ZgE7ZWhli7pW34hNbNl8Ojv5KVmkJD4hBdD3th8Tfk9vYasLM+mXWOZhFkgZfxhLSnrwRr4elSSg==",
			"dev": true,
			"license": "MIT",
			"dependencies": {
				"is-extglob": "^2.1.1"
			},
			"engines": {
				"node": ">=0.10.0"
			}
		},
		"node_modules/is-invalid-path": {
			"version": "0.1.0",
			"resolved": "https://registry.npmjs.org/is-invalid-path/-/is-invalid-path-0.1.0.tgz",
			"integrity": "sha512-aZMG0T3F34mTg4eTdszcGXx54oiZ4NtHSft3hWNJMGJXUUqdIj3cOZuHcU0nCWWcY3jd7yRe/3AEm3vSNTpBGQ==",
			"dev": true,
			"license": "MIT",
			"dependencies": {
				"is-glob": "^2.0.0"
			},
			"engines": {
				"node": ">=0.10.0"
			}
		},
		"node_modules/is-invalid-path/node_modules/is-extglob": {
			"version": "1.0.0",
			"resolved": "https://registry.npmjs.org/is-extglob/-/is-extglob-1.0.0.tgz",
			"integrity": "sha512-7Q+VbVafe6x2T+Tu6NcOf6sRklazEPmBoB3IWk3WdGZM2iGUwU/Oe3Wtq5lSEkDTTlpp8yx+5t4pzO/i9Ty1ww==",
			"dev": true,
			"license": "MIT",
			"engines": {
				"node": ">=0.10.0"
			}
		},
		"node_modules/is-invalid-path/node_modules/is-glob": {
			"version": "2.0.1",
			"resolved": "https://registry.npmjs.org/is-glob/-/is-glob-2.0.1.tgz",
			"integrity": "sha512-a1dBeB19NXsf/E0+FHqkagizel/LQw2DjSQpvQrj3zT+jYPpaUCryPnrQajXKFLCMuf4I6FhRpaGtw4lPrG6Eg==",
			"dev": true,
			"license": "MIT",
			"dependencies": {
				"is-extglob": "^1.0.0"
			},
			"engines": {
				"node": ">=0.10.0"
			}
		},
		"node_modules/is-stream": {
			"version": "3.0.0",
			"resolved": "https://registry.npmjs.org/is-stream/-/is-stream-3.0.0.tgz",
			"integrity": "sha512-LnQR4bZ9IADDRSkvpqMGvt/tEJWclzklNgSw48V5EAaAeDd6qGvN8ei6k5p0tvxSR171VmGyHuTiAOfxAbr8kA==",
			"dev": true,
			"license": "MIT",
			"engines": {
				"node": "^12.20.0 || ^14.13.1 || >=16.0.0"
			},
			"funding": {
				"url": "https://github.com/sponsors/sindresorhus"
			}
		},
		"node_modules/is-valid-path": {
			"version": "0.1.1",
			"resolved": "https://registry.npmjs.org/is-valid-path/-/is-valid-path-0.1.1.tgz",
			"integrity": "sha512-+kwPrVDu9Ms03L90Qaml+79+6DZHqHyRoANI6IsZJ/g8frhnfchDOBCa0RbQ6/kdHt5CS5OeIEyrYznNuVN+8A==",
			"dev": true,
			"license": "MIT",
			"dependencies": {
				"is-invalid-path": "^0.1.0"
			},
			"engines": {
				"node": ">=0.10.0"
			}
		},
		"node_modules/js-yaml": {
			"version": "3.14.1",
			"resolved": "https://registry.npmjs.org/js-yaml/-/js-yaml-3.14.1.tgz",
			"integrity": "sha512-okMH7OXXJ7YrN9Ok3/SXrnu4iX9yOk+25nqX4imS2npuvTYDmo/QEZoqwZkYaIDk3jVvBOTOIEgEhaLOynBS9g==",
			"dev": true,
			"license": "MIT",
			"dependencies": {
				"argparse": "^1.0.7",
				"esprima": "^4.0.0"
			},
			"bin": {
				"js-yaml": "bin/js-yaml.js"
			}
		},
		"node_modules/json-schema-migrate": {
			"version": "2.0.0",
			"resolved": "https://registry.npmjs.org/json-schema-migrate/-/json-schema-migrate-2.0.0.tgz",
			"integrity": "sha512-r38SVTtojDRp4eD6WsCqiE0eNDt4v1WalBXb9cyZYw9ai5cGtBwzRNWjHzJl38w6TxFkXAIA7h+fyX3tnrAFhQ==",
			"dev": true,
			"license": "MIT",
			"dependencies": {
				"ajv": "^8.0.0"
			}
		},
		"node_modules/json-schema-to-typescript": {
			"version": "15.0.4",
			"resolved": "https://registry.npmjs.org/json-schema-to-typescript/-/json-schema-to-typescript-15.0.4.tgz",
			"integrity": "sha512-Su9oK8DR4xCmDsLlyvadkXzX6+GGXJpbhwoLtOGArAG61dvbW4YQmSEno2y66ahpIdmLMg6YUf/QHLgiwvkrHQ==",
			"dev": true,
			"license": "MIT",
			"dependencies": {
				"@apidevtools/json-schema-ref-parser": "^11.5.5",
				"@types/json-schema": "^7.0.15",
				"@types/lodash": "^4.17.7",
				"is-glob": "^4.0.3",
				"js-yaml": "^4.1.0",
				"lodash": "^4.17.21",
				"minimist": "^1.2.8",
				"prettier": "^3.2.5",
				"tinyglobby": "^0.2.9"
			},
			"bin": {
				"json2ts": "dist/src/cli.js"
			},
			"engines": {
				"node": ">=16.0.0"
			}
		},
		"node_modules/json-schema-to-typescript/node_modules/argparse": {
			"version": "2.0.1",
			"resolved": "https://registry.npmjs.org/argparse/-/argparse-2.0.1.tgz",
			"integrity": "sha512-8+9WqebbFzpX9OR+Wa6O29asIogeRMzcGtAINdpMHHyAg10f05aSFVBbcEqGf/PXw1EjAZ+q2/bEBg3DvurK3Q==",
			"dev": true,
			"license": "Python-2.0"
		},
		"node_modules/json-schema-to-typescript/node_modules/js-yaml": {
			"version": "4.1.0",
			"resolved": "https://registry.npmjs.org/js-yaml/-/js-yaml-4.1.0.tgz",
			"integrity": "sha512-wpxZs9NoxZaJESJGIZTyDEaYpl0FKSA+FB9aJiyemKhMwkxQg63h4T1KJgUGHpTqPDNRcmmYLugrRjJlBtWvRA==",
			"dev": true,
			"license": "MIT",
			"dependencies": {
				"argparse": "^2.0.1"
			},
			"bin": {
				"js-yaml": "bin/js-yaml.js"
			}
		},
		"node_modules/json-schema-traverse": {
			"version": "1.0.0",
			"resolved": "https://registry.npmjs.org/json-schema-traverse/-/json-schema-traverse-1.0.0.tgz",
			"integrity": "sha512-NM8/P9n3XjXhIZn1lLhkFaACTOURQXjWhV4BA/RnOv8xvgqtqpAX9IO4mRQxSx1Rlo4tqzeqb0sOlruaOy3dug==",
			"dev": true,
			"license": "MIT"
		},
		"node_modules/json5": {
			"version": "2.2.3",
			"resolved": "https://registry.npmjs.org/json5/-/json5-2.2.3.tgz",
			"integrity": "sha512-XmOWe7eyHYH14cLdVPoyg+GOH3rYX++KpzrylJwSW98t3Nk+U8XOl8FWKOgwtzdb8lXGf6zYwDUzeHMWfxasyg==",
			"dev": true,
			"license": "MIT",
			"bin": {
				"json5": "lib/cli.js"
			},
			"engines": {
				"node": ">=6"
			}
		},
		"node_modules/lodash": {
			"version": "4.17.21",
			"resolved": "https://registry.npmjs.org/lodash/-/lodash-4.17.21.tgz",
			"integrity": "sha512-v2kDEe57lecTulaDIuNTPy3Ry4gLGJ6Z1O3vE1krgXZNrsQ+LFTGHVxVjcXPs17LhbZVGedAJv8XZ1tvj5FvSg==",
			"dev": true,
			"license": "MIT"
		},
		"node_modules/minimatch": {
			"version": "3.1.2",
			"resolved": "https://registry.npmjs.org/minimatch/-/minimatch-3.1.2.tgz",
			"integrity": "sha512-J7p63hRiAjw1NDEww1W7i37+ByIrOWO5XQQAzZ3VOcL0PNybwpfmV/N05zFAzwQ9USyEcX6t3UO+K5aqBQOIHw==",
			"dev": true,
			"license": "ISC",
			"dependencies": {
				"brace-expansion": "^1.1.7"
			},
			"engines": {
				"node": "*"
			}
		},
		"node_modules/minimist": {
			"version": "1.2.8",
			"resolved": "https://registry.npmjs.org/minimist/-/minimist-1.2.8.tgz",
			"integrity": "sha512-2yyAR8qBkN3YuheJanUpWC5U3bb5osDywNB8RzDVlDwDHbocAJveqqj1u8+SVD7jkWT4yvsHCpWqqWqAxb0zCA==",
			"dev": true,
			"license": "MIT",
			"funding": {
				"url": "https://github.com/sponsors/ljharb"
			}
		},
		"node_modules/minipass": {
			"version": "7.1.2",
			"resolved": "https://registry.npmjs.org/minipass/-/minipass-7.1.2.tgz",
			"integrity": "sha512-qOOzS1cBTWYF4BH8fVePDBOO9iptMnGUEZwNc/cMWnTV2nVLZ7VoNWEPHkYczZA0pdoA7dl6e7FL659nX9S2aw==",
			"dev": true,
			"license": "ISC",
			"engines": {
				"node": ">=16 || 14 >=14.17"
			}
		},
		"node_modules/minizlib": {
			"version": "3.1.0",
			"resolved": "https://registry.npmjs.org/minizlib/-/minizlib-3.1.0.tgz",
			"integrity": "sha512-KZxYo1BUkWD2TVFLr0MQoM8vUUigWD3LlD83a/75BqC+4qE0Hb1Vo5v1FgcfaNXvfXzr+5EhQ6ing/CaBijTlw==",
			"dev": true,
			"license": "MIT",
			"dependencies": {
				"minipass": "^7.1.2"
			},
			"engines": {
				"node": ">= 18"
			}
		},
		"node_modules/node-jq": {
			"version": "6.3.1",
			"resolved": "https://registry.npmjs.org/node-jq/-/node-jq-6.3.1.tgz",
			"integrity": "sha512-4RRIiWwBGxVLLARVBHWyWjruO3IMjK/9bfS96W3RHDNjrGqJiZjWu6Hd1X2J8Xd/otu7FGFm7ryzrdioHxswuw==",
			"dev": true,
			"hasInstallScript": true,
			"license": "MIT",
			"dependencies": {
				"is-valid-path": "^0.1.1",
				"strip-final-newline": "^2.0.0",
				"tar": "^7.4.0",
				"tempy": "^3.1.0",
				"zod": "^3.23.8"
			},
			"bin": {
				"node-jq": "node-jq"
			},
			"engines": {
				"node": ">= 18"
			}
		},
		"node_modules/once": {
			"version": "1.4.0",
			"resolved": "https://registry.npmjs.org/once/-/once-1.4.0.tgz",
			"integrity": "sha512-lNaJgI+2Q5URQBkccEKHTQOPaXdUxnZZElQTZY0MFUAuaEqe1E+Nyvgdz/aIyNi6Z9MzO5dv1H8n58/GELp3+w==",
			"dev": true,
			"license": "ISC",
			"dependencies": {
				"wrappy": "1"
			}
		},
		"node_modules/path-is-absolute": {
			"version": "1.0.1",
			"resolved": "https://registry.npmjs.org/path-is-absolute/-/path-is-absolute-1.0.1.tgz",
			"integrity": "sha512-AVbw3UJ2e9bq64vSaS9Am0fje1Pa8pbGqTTsmXfaIiMpnr5DlDhfJOuLj9Sf95ZPVDAUerDfEk88MPmPe7UCQg==",
			"dev": true,
			"license": "MIT",
			"engines": {
				"node": ">=0.10.0"
			}
		},
		"node_modules/picomatch": {
			"version": "4.0.3",
			"resolved": "https://registry.npmjs.org/picomatch/-/picomatch-4.0.3.tgz",
			"integrity": "sha512-5gTmgEY/sqK6gFXLIsQNH19lWb4ebPDLA4SdLP7dsWkIXHWlG66oPuVvXSGFPppYZz8ZDZq0dYYrbHfBCVUb1Q==",
			"dev": true,
			"license": "MIT",
			"engines": {
				"node": ">=12"
			},
			"funding": {
				"url": "https://github.com/sponsors/jonschlinkert"
			}
		},
		"node_modules/prettier": {
			"version": "3.6.2",
			"resolved": "https://registry.npmjs.org/prettier/-/prettier-3.6.2.tgz",
			"integrity": "sha512-I7AIg5boAr5R0FFtJ6rCfD+LFsWHp81dolrFD8S79U9tb8Az2nGrJncnMSnys+bpQJfRUzqs9hnA81OAA3hCuQ==",
			"dev": true,
			"license": "MIT",
			"bin": {
				"prettier": "bin/prettier.cjs"
			},
			"engines": {
				"node": ">=14"
			},
			"funding": {
				"url": "https://github.com/prettier/prettier?sponsor=1"
			}
		},
		"node_modules/require-from-string": {
			"version": "2.0.2",
			"resolved": "https://registry.npmjs.org/require-from-string/-/require-from-string-2.0.2.tgz",
			"integrity": "sha512-Xf0nWe6RseziFMu+Ap9biiUbmplq6S9/p+7w7YXP/JBHhrUDDUhwa+vANyubuqfZWTveU//DYVGsDG7RKL/vEw==",
			"dev": true,
			"license": "MIT",
			"engines": {
				"node": ">=0.10.0"
			}
		},
		"node_modules/sprintf-js": {
			"version": "1.0.3",
			"resolved": "https://registry.npmjs.org/sprintf-js/-/sprintf-js-1.0.3.tgz",
			"integrity": "sha512-D9cPgkvLlV3t3IzL0D0YLvGA9Ahk4PcvVwUbN0dSGr1aP0Nrt4AEnTUbuGvquEC0mA64Gqt1fzirlRs5ibXx8g==",
			"dev": true,
			"license": "BSD-3-Clause"
		},
		"node_modules/strip-final-newline": {
			"version": "2.0.0",
			"resolved": "https://registry.npmjs.org/strip-final-newline/-/strip-final-newline-2.0.0.tgz",
			"integrity": "sha512-BrpvfNAE3dcvq7ll3xVumzjKjZQ5tI1sEUIKr3Uoks0XUl45St3FlatVqef9prk4jRDzhW6WZg+3bk93y6pLjA==",
			"dev": true,
			"license": "MIT",
			"engines": {
				"node": ">=6"
			}
		},
		"node_modules/tar": {
			"version": "7.5.2",
			"resolved": "https://registry.npmjs.org/tar/-/tar-7.5.2.tgz",
			"integrity": "sha512-7NyxrTE4Anh8km8iEy7o0QYPs+0JKBTj5ZaqHg6B39erLg0qYXN3BijtShwbsNSvQ+LN75+KV+C4QR/f6Gwnpg==",
			"dev": true,
			"license": "BlueOak-1.0.0",
			"dependencies": {
				"@isaacs/fs-minipass": "^4.0.0",
				"chownr": "^3.0.0",
				"minipass": "^7.1.2",
				"minizlib": "^3.1.0",
				"yallist": "^5.0.0"
			},
			"engines": {
				"node": ">=18"
			}
		},
		"node_modules/temp-dir": {
			"version": "3.0.0",
			"resolved": "https://registry.npmjs.org/temp-dir/-/temp-dir-3.0.0.tgz",
			"integrity": "sha512-nHc6S/bwIilKHNRgK/3jlhDoIHcp45YgyiwcAk46Tr0LfEqGBVpmiAyuiuxeVE44m3mXnEeVhaipLOEWmH+Njw==",
			"dev": true,
			"license": "MIT",
			"engines": {
				"node": ">=14.16"
			}
		},
		"node_modules/tempy": {
			"version": "3.1.0",
			"resolved": "https://registry.npmjs.org/tempy/-/tempy-3.1.0.tgz",
			"integrity": "sha512-7jDLIdD2Zp0bDe5r3D2qtkd1QOCacylBuL7oa4udvN6v2pqr4+LcCr67C8DR1zkpaZ8XosF5m1yQSabKAW6f2g==",
			"dev": true,
			"license": "MIT",
			"dependencies": {
				"is-stream": "^3.0.0",
				"temp-dir": "^3.0.0",
				"type-fest": "^2.12.2",
				"unique-string": "^3.0.0"
			},
			"engines": {
				"node": ">=14.16"
			},
			"funding": {
				"url": "https://github.com/sponsors/sindresorhus"
			}
		},
		"node_modules/tinyglobby": {
			"version": "0.2.15",
			"resolved": "https://registry.npmjs.org/tinyglobby/-/tinyglobby-0.2.15.tgz",
			"integrity": "sha512-j2Zq4NyQYG5XMST4cbs02Ak8iJUdxRM0XI5QyxXuZOzKOINmWurp3smXu3y5wDcJrptwpSjgXHzIQxR0omXljQ==",
			"dev": true,
			"license": "MIT",
			"dependencies": {
				"fdir": "^6.5.0",
				"picomatch": "^4.0.3"
			},
			"engines": {
				"node": ">=12.0.0"
			},
			"funding": {
				"url": "https://github.com/sponsors/SuperchupuDev"
			}
		},
		"node_modules/type-fest": {
			"version": "2.19.0",
			"resolved": "https://registry.npmjs.org/type-fest/-/type-fest-2.19.0.tgz",
			"integrity": "sha512-RAH822pAdBgcNMAfWnCBU3CFZcfZ/i1eZjwFU/dsLKumyuuP3niueg2UAukXYF0E2AAoc82ZSSf9J0WQBinzHA==",
			"dev": true,
			"license": "(MIT OR CC0-1.0)",
			"engines": {
				"node": ">=12.20"
			},
			"funding": {
				"url": "https://github.com/sponsors/sindresorhus"
			}
		},
		"node_modules/typescript": {
			"version": "5.9.3",
			"resolved": "https://registry.npmjs.org/typescript/-/typescript-5.9.3.tgz",
			"integrity": "sha512-jl1vZzPDinLr9eUt3J/t7V6FgNEw9QjvBPdysz9KfQDD41fQrC2Y4vKQdiaUpFT4bXlb1RHhLpp8wtm6M5TgSw==",
			"dev": true,
			"license": "Apache-2.0",
			"bin": {
				"tsc": "bin/tsc",
				"tsserver": "bin/tsserver"
			},
			"engines": {
				"node": ">=14.17"
			}
		},
		"node_modules/unique-string": {
			"version": "3.0.0",
			"resolved": "https://registry.npmjs.org/unique-string/-/unique-string-3.0.0.tgz",
			"integrity": "sha512-VGXBUVwxKMBUznyffQweQABPRRW1vHZAbadFZud4pLFAqRGvv/96vafgjWFqzourzr8YonlQiPgH0YCJfawoGQ==",
			"dev": true,
			"license": "MIT",
			"dependencies": {
				"crypto-random-string": "^4.0.0"
			},
			"engines": {
				"node": ">=12"
			},
			"funding": {
				"url": "https://github.com/sponsors/sindresorhus"
			}
		},
		"node_modules/wrappy": {
			"version": "1.0.2",
			"resolved": "https://registry.npmjs.org/wrappy/-/wrappy-1.0.2.tgz",
			"integrity": "sha512-l4Sp/DRseor9wL6EvV2+TuQn63dMkPjZ/sp9XkghTEbV9KlPS1xUsZ3u7/IQO4wxtcFB4bgpQPRcR3QCvezPcQ==",
			"dev": true,
			"license": "ISC"
		},
		"node_modules/yallist": {
			"version": "5.0.0",
			"resolved": "https://registry.npmjs.org/yallist/-/yallist-5.0.0.tgz",
			"integrity": "sha512-YgvUTfwqyc7UXVMrB+SImsVYSmTS8X/tSrtdNZMImM+n7+QTriRXyXim0mBrTXNeqzVF0KWGgHPeiyViFFrNDw==",
			"dev": true,
			"license": "BlueOak-1.0.0",
			"engines": {
				"node": ">=18"
			}
		},
		"node_modules/zod": {
			"version": "3.25.76",
			"resolved": "https://registry.npmjs.org/zod/-/zod-3.25.76.tgz",
			"integrity": "sha512-gzUt/qt81nXsFGKIFcC3YnfEAx5NkunCfnDlvuBSSFS02bcXu4Lmea0AFIUwbLWxWPx3d9p8S5QoaujKcNQxcQ==",
			"dev": true,
			"license": "MIT",
			"funding": {
				"url": "https://github.com/sponsors/colinhacks"
			}
		}
	}
}
